
Microsoft Visual Studio Solution File, Format Version 12.00
# Visual Studio 15
VisualStudioVersion = 15.0.26124.0
MinimumVisualStudioVersion = 15.0.26124.0
Project("{F2A71F9B-5D33-465A-A702-920D77279786}") = "SqlStreamStore.FSharp", "src\SqlStreamStore.FSharp.fsproj", "{22955019-D275-45AB-AD7C-B192BDB3F60F}"
EndProject
Project("{F2A71F9B-5D33-465A-A702-920D77279786}") = "SqlStreamStore.FSharp.Tests", "tests\SqlStreamStore.FSharp.Tests.fsproj", "{377DE082-49F3-4925-8CFF-5A24329B5512}"
EndProject
Global
	GlobalSection(SolutionConfigurationPlatforms) = preSolution
		Debug|Any CPU = Debug|Any CPU
		Debug|x64 = Debug|x64
		Debug|x86 = Debug|x86
		Release|Any CPU = Release|Any CPU
		Release|x64 = Release|x64
		Release|x86 = Release|x86
	EndGlobalSection
	GlobalSection(SolutionProperties) = preSolution
		HideSolutionNode = FALSE
	EndGlobalSection
	GlobalSection(ProjectConfigurationPlatforms) = postSolution
		{22955019-D275-45AB-AD7C-B192BDB3F60F}.Debug|Any CPU.ActiveCfg = Debug|Any CPU
		{22955019-D275-45AB-AD7C-B192BDB3F60F}.Debug|Any CPU.Build.0 = Debug|Any CPU
		{22955019-D275-45AB-AD7C-B192BDB3F60F}.Debug|x64.ActiveCfg = Debug|Any CPU
		{22955019-D275-45AB-AD7C-B192BDB3F60F}.Debug|x64.Build.0 = Debug|Any CPU
		{22955019-D275-45AB-AD7C-B192BDB3F60F}.Debug|x86.ActiveCfg = Debug|Any CPU
		{22955019-D275-45AB-AD7C-B192BDB3F60F}.Debug|x86.Build.0 = Debug|Any CPU
		{22955019-D275-45AB-AD7C-B192BDB3F60F}.Release|Any CPU.ActiveCfg = Release|Any CPU
		{22955019-D275-45AB-AD7C-B192BDB3F60F}.Release|Any CPU.Build.0 = Release|Any CPU
		{22955019-D275-45AB-AD7C-B192BDB3F60F}.Release|x64.ActiveCfg = Release|Any CPU
		{22955019-D275-45AB-AD7C-B192BDB3F60F}.Release|x64.Build.0 = Release|Any CPU
		{22955019-D275-45AB-AD7C-B192BDB3F60F}.Release|x86.ActiveCfg = Release|Any CPU
		{22955019-D275-45AB-AD7C-B192BDB3F60F}.Release|x86.Build.0 = Release|Any CPU
		{377DE082-49F3-4925-8CFF-5A24329B5512}.Debug|Any CPU.ActiveCfg = Debug|Any CPU
		{377DE082-49F3-4925-8CFF-5A24329B5512}.Debug|Any CPU.Build.0 = Debug|Any CPU
		{377DE082-49F3-4925-8CFF-5A24329B5512}.Debug|x64.ActiveCfg = Debug|Any CPU
		{377DE082-49F3-4925-8CFF-5A24329B5512}.Debug|x64.Build.0 = Debug|Any CPU
		{377DE082-49F3-4925-8CFF-5A24329B5512}.Debug|x86.ActiveCfg = Debug|Any CPU
		{377DE082-49F3-4925-8CFF-5A24329B5512}.Debug|x86.Build.0 = Debug|Any CPU
		{377DE082-49F3-4925-8CFF-5A24329B5512}.Release|Any CPU.ActiveCfg = Release|Any CPU
		{377DE082-49F3-4925-8CFF-5A24329B5512}.Release|Any CPU.Build.0 = Release|Any CPU
		{377DE082-49F3-4925-8CFF-5A24329B5512}.Release|x64.ActiveCfg = Release|Any CPU
		{377DE082-49F3-4925-8CFF-5A24329B5512}.Release|x64.Build.0 = Release|Any CPU
		{377DE082-49F3-4925-8CFF-5A24329B5512}.Release|x86.ActiveCfg = Release|Any CPU
		{377DE082-49F3-4925-8CFF-5A24329B5512}.Release|x86.Build.0 = Release|Any CPU
	EndGlobalSection
EndGlobal
